// !$*UTF8*$!
{
	archiveVersion = 1;
	classes = {
	};
	objectVersion = 46;
	objects = {

/* Begin PBXBuildFile section */
		6F46D35117F2BABD009D39EA /* Foundation.framework in Frameworks */ = {isa = PBXBuildFile; fileRef = 6F46D35017F2BABD009D39EA /* Foundation.framework */; };
		6F46D35317F2BABD009D39EA /* CoreGraphics.framework in Frameworks */ = {isa = PBXBuildFile; fileRef = 6F46D35217F2BABD009D39EA /* CoreGraphics.framework */; };
		6F46D35517F2BABD009D39EA /* UIKit.framework in Frameworks */ = {isa = PBXBuildFile; fileRef = 6F46D35417F2BABD009D39EA /* UIKit.framework */; };
		6F46D35B17F2BABD009D39EA /* InfoPlist.strings in Resources */ = {isa = PBXBuildFile; fileRef = 6F46D35917F2BABD009D39EA /* InfoPlist.strings */; };
		6F46D35D17F2BABD009D39EA /* main.m in Sources */ = {isa = PBXBuildFile; fileRef = 6F46D35C17F2BABD009D39EA /* main.m */; };
		6F46D36117F2BABD009D39EA /* CCAppDelegate.m in Sources */ = {isa = PBXBuildFile; fileRef = 6F46D36017F2BABD009D39EA /* CCAppDelegate.m */; };
		6F46D36417F2BABD009D39EA /* Main.storyboard in Resources */ = {isa = PBXBuildFile; fileRef = 6F46D36217F2BABD009D39EA /* Main.storyboard */; };
		6F46D36717F2BABD009D39EA /* CCViewController.m in Sources */ = {isa = PBXBuildFile; fileRef = 6F46D36617F2BABD009D39EA /* CCViewController.m */; };
		6F46D36917F2BABD009D39EA /* Images.xcassets in Resources */ = {isa = PBXBuildFile; fileRef = 6F46D36817F2BABD009D39EA /* Images.xcassets */; };
		6F46D37017F2BABD009D39EA /* XCTest.framework in Frameworks */ = {isa = PBXBuildFile; fileRef = 6F46D36F17F2BABD009D39EA /* XCTest.framework */; };
		6F46D37117F2BABD009D39EA /* Foundation.framework in Frameworks */ = {isa = PBXBuildFile; fileRef = 6F46D35017F2BABD009D39EA /* Foundation.framework */; };
		6F46D37217F2BABD009D39EA /* UIKit.framework in Frameworks */ = {isa = PBXBuildFile; fileRef = 6F46D35417F2BABD009D39EA /* UIKit.framework */; };
		6F46D37A17F2BABD009D39EA /* InfoPlist.strings in Resources */ = {isa = PBXBuildFile; fileRef = 6F46D37817F2BABD009D39EA /* InfoPlist.strings */; };
		6F46D37C17F2BABD009D39EA /* For_LoopsTests.m in Sources */ = {isa = PBXBuildFile; fileRef = 6F46D37B17F2BABD009D39EA /* For_LoopsTests.m */; };
/* End PBXBuildFile section */

/* Begin PBXContainerItemProxy section */
		6F46D37317F2BABD009D39EA /* PBXContainerItemProxy */ = {
			isa = PBXContainerItemProxy;
			containerPortal = 6F46D34517F2BABD009D39EA /* Project object */;
			proxyType = 1;
			remoteGlobalIDString = 6F46D34C17F2BABD009D39EA;
			remoteInfo = "For Loops";
		};
/* End PBXContainerItemProxy section */

/* Begin PBXFileReference section */
		6F46D34D17F2BABD009D39EA /* For Loops.app */ = {isa = PBXFileReference; explicitFileType = wrapper.application; includeInIndex = 0; path = "For Loops.app"; sourceTree = BUILT_PRODUCTS_DIR; };
		6F46D35017F2BABD009D39EA /* Foundation.framework */ = {isa = PBXFileReference; lastKnownFileType = wrapper.framework; name = Foundation.framework; path = System/Library/Frameworks/Foundation.framework; sourceTree = SDKROOT; };
		6F46D35217F2BABD009D39EA /* CoreGraphics.framework */ = {isa = PBXFileReference; lastKnownFileType = wrapper.framework; name = CoreGraphics.framework; path = System/Library/Frameworks/CoreGraphics.framework; sourceTree = SDKROOT; };
		6F46D35417F2BABD009D39EA /* UIKit.framework */ = {isa = PBXFileReference; lastKnownFileType = wrapper.framework; name = UIKit.framework; path = System/Library/Frameworks/UIKit.framework; sourceTree = SDKROOT; };
		6F46D35817F2BABD009D39EA /* For Loops-Info.plist */ = {isa = PBXFileReference; lastKnownFileType = text.plist.xml; path = "For Loops-Info.plist"; sourceTree = "<group>"; };
		6F46D35A17F2BABD009D39EA /* en */ = {isa = PBXFileReference; lastKnownFileType = text.plist.strings; name = en; path = en.lproj/InfoPlist.strings; sourceTree = "<group>"; };
		6F46D35C17F2BABD009D39EA /* main.m */ = {isa = PBXFileReference; lastKnownFileType = sourcecode.c.objc; path = main.m; sourceTree = "<group>"; };
		6F46D35E17F2BABD009D39EA /* For Loops-Prefix.pch */ = {isa = PBXFileReference; lastKnownFileType = sourcecode.c.h; path = "For Loops-Prefix.pch"; sourceTree = "<group>"; };
		6F46D35F17F2BABD009D39EA /* CCAppDelegate.h */ = {isa = PBXFileReference; lastKnownFileType = sourcecode.c.h; path = CCAppDelegate.h; sourceTree = "<group>"; };
		6F46D36017F2BABD009D39EA /* CCAppDelegate.m */ = {isa = PBXFileReference; lastKnownFileType = sourcecode.c.objc; path = CCAppDelegate.m; sourceTree = "<group>"; };
		6F46D36317F2BABD009D39EA /* Base */ = {isa = PBXFileReference; lastKnownFileType = file.storyboard; name = Base; path = Base.lproj/Main.storyboard; sourceTree = "<group>"; };
		6F46D36517F2BABD009D39EA /* CCViewController.h */ = {isa = PBXFileReference; lastKnownFileType = sourcecode.c.h; path = CCViewController.h; sourceTree = "<group>"; };
		6F46D36617F2BABD009D39EA /* CCViewController.m */ = {isa = PBXFileReference; lastKnownFileType = sourcecode.c.objc; path = CCViewController.m; sourceTree = "<group>"; };
		6F46D36817F2BABD009D39EA /* Images.xcassets */ = {isa = PBXFileReference; lastKnownFileType = folder.assetcatalog; path = Images.xcassets; sourceTree = "<group>"; };
		6F46D36E17F2BABD009D39EA /* For LoopsTests.xctest */ = {isa = PBXFileReference; explicitFileType = wrapper.cfbundle; includeInIndex = 0; path = "For LoopsTests.xctest"; sourceTree = BUILT_PRODUCTS_DIR; };
		6F46D36F17F2BABD009D39EA /* XCTest.framework */ = {isa = PBXFileReference; lastKnownFileType = wrapper.framework; name = XCTest.framework; path = Library/Frameworks/XCTest.framework; sourceTree = DEVELOPER_DIR; };
		6F46D37717F2BABD009D39EA /* For LoopsTests-Info.plist */ = {isa = PBXFileReference; lastKnownFileType = text.plist.xml; path = "For LoopsTests-Info.plist"; sourceTree = "<group>"; };
		6F46D37917F2BABD009D39EA /* en */ = {isa = PBXFileReference; lastKnownFileType = text.plist.strings; name = en; path = en.lproj/InfoPlist.strings; sourceTree = "<group>"; };
		6F46D37B17F2BABD009D39EA /* For_LoopsTests.m */ = {isa = PBXFileReference; lastKnownFileType = sourcecode.c.objc; path = For_LoopsTests.m; sourceTree = "<group>"; };
/* End PBXFileReference section */

/* Begin PBXFrameworksBuildPhase section */
		6F46D34A17F2BABD009D39EA /* Frameworks */ = {
			isa = PBXFrameworksBuildPhase;
			buildActionMask = 2147483647;
			files = (
				6F46D35317F2BABD009D39EA /* CoreGraphics.framework in Frameworks */,
				6F46D35517F2BABD009D39EA /* UIKit.framework in Frameworks */,
				6F46D35117F2BABD009D39EA /* Foundation.framework in Frameworks */,
			);
			runOnlyForDeploymentPostprocessing = 0;
		};
		6F46D36B17F2BABD009D39EA /* Frameworks */ = {
			isa = PBXFrameworksBuildPhase;
			buildActionMask = 2147483647;
			files = (
				6F46D37017F2BABD009D39EA /* XCTest.framework in Frameworks */,
				6F46D37217F2BABD009D39EA /* UIKit.framework in Frameworks */,
				6F46D37117F2BABD009D39EA /* Foundation.framework in Frameworks */,
			);
			runOnlyForDeploymentPostprocessing = 0;
		};
/* End PBXFrameworksBuildPhase section */

/* Begin PBXGroup section */
		6F46D34417F2BABD009D39EA = {
			isa = PBXGroup;
			children = (
				6F46D35617F2BABD009D39EA /* For Loops */,
				6F46D37517F2BABD009D39EA /* For LoopsTests */,
				6F46D34F17F2BABD009D39EA /* Frameworks */,
				6F46D34E17F2BABD009D39EA /* Products */,
			);
			sourceTree = "<group>";
		};
		6F46D34E17F2BABD009D39EA /* Products */ = {
			isa = PBXGroup;
			children = (
				6F46D34D17F2BABD009D39EA /* For Loops.app */,
				6F46D36E17F2BABD009D39EA /* For LoopsTests.xctest */,
			);
			name = Products;
			sourceTree = "<group>";
		};
		6F46D34F17F2BABD009D39EA /* Frameworks */ = {
			isa = PBXGroup;
			children = (
				6F46D35017F2BABD009D39EA /* Foundation.framework */,
				6F46D35217F2BABD009D39EA /* CoreGraphics.framework */,
				6F46D35417F2BABD009D39EA /* UIKit.framework */,
				6F46D36F17F2BABD009D39EA /* XCTest.framework */,
			);
			name = Frameworks;
			sourceTree = "<group>";
		};
		6F46D35617F2BABD009D39EA /* For Loops */ = {
			isa = PBXGroup;
			children = (
				6F46D35F17F2BABD009D39EA /* CCAppDelegate.h */,
				6F46D36017F2BABD009D39EA /* CCAppDelegate.m */,
				6F46D36217F2BABD009D39EA /* Main.storyboard */,
				6F46D36517F2BABD009D39EA /* CCViewController.h */,
				6F46D36617F2BABD009D39EA /* CCViewController.m */,
				6F46D36817F2BABD009D39EA /* Images.xcassets */,
				6F46D35717F2BABD009D39EA /* Supporting Files */,
			);
			path = "For Loops";
			sourceTree = "<group>";
		};
		6F46D35717F2BABD009D39EA /* Supporting Files */ = {
			isa = PBXGroup;
			children = (
				6F46D35817F2BABD009D39EA /* For Loops-Info.plist */,
				6F46D35917F2BABD009D39EA /* InfoPlist.strings */,
				6F46D35C17F2BABD009D39EA /* main.m */,
				6F46D35E17F2BABD009D39EA /* For Loops-Prefix.pch */,
			);
			name = "Supporting Files";
			sourceTree = "<group>";
		};
		6F46D37517F2BABD009D39EA /* For LoopsTests */ = {
			isa = PBXGroup;
			children = (
				6F46D37B17F2BABD009D39EA /* For_LoopsTests.m */,
				6F46D37617F2BABD009D39EA /* Supporting Files */,
			);
			path = "For LoopsTests";
			sourceTree = "<group>";
		};
		6F46D37617F2BABD009D39EA /* Supporting Files */ = {
			isa = PBXGroup;
			children = (
				6F46D37717F2BABD009D39EA /* For LoopsTests-Info.plist */,
				6F46D37817F2BABD009D39EA /* InfoPlist.strings */,
			);
			name = "Supporting Files";
			sourceTree = "<group>";
		};
/* End PBXGroup section */

/* Begin PBXNativeTarget section */
		6F46D34C17F2BABD009D39EA /* For Loops */ = {
			isa = PBXNativeTarget;
			buildConfigurationList = 6F46D37F17F2BABD009D39EA /* Build configuration list for PBXNativeTarget "For Loops" */;
			buildPhases = (
				6F46D34917F2BABD009D39EA /* Sources */,
				6F46D34A17F2BABD009D39EA /* Frameworks */,
				6F46D34B17F2BABD009D39EA /* Resources */,
			);
			buildRules = (
			);
			dependencies = (
			);
			name = "For Loops";
			productName = "For Loops";
			productReference = 6F46D34D17F2BABD009D39EA /* For Loops.app */;
			productType = "com.apple.product-type.application";
		};
		6F46D36D17F2BABD009D39EA /* For LoopsTests */ = {
			isa = PBXNativeTarget;
			buildConfigurationList = 6F46D38217F2BABD009D39EA /* Build configuration list for PBXNativeTarget "For LoopsTests" */;
			buildPhases = (
				6F46D36A17F2BABD009D39EA /* Sources */,
				6F46D36B17F2BABD009D39EA /* Frameworks */,
				6F46D36C17F2BABD009D39EA /* Resources */,
			);
			buildRules = (
			);
			dependencies = (
				6F46D37417F2BABD009D39EA /* PBXTargetDependency */,
			);
			name = "For LoopsTests";
			productName = "For LoopsTests";
			productReference = 6F46D36E17F2BABD009D39EA /* For LoopsTests.xctest */;
			productType = "com.apple.product-type.bundle.unit-test";
		};
/* End PBXNativeTarget section */

/* Begin PBXProject section */
		6F46D34517F2BABD009D39EA /* Project object */ = {
			isa = PBXProject;
			attributes = {
				CLASSPREFIX = CC;
				LastUpgradeCheck = 0500;
				ORGANIZATIONNAME = "Code Coalition";
				TargetAttributes = {
					6F46D36D17F2BABD009D39EA = {
						TestTargetID = 6F46D34C17F2BABD009D39EA;
					};
				};
			};
			buildConfigurationList = 6F46D34817F2BABD009D39EA /* Build configuration list for PBXProject "For Loops" */;
			compatibilityVersion = "Xcode 3.2";
			developmentRegion = English;
			hasScannedForEncodings = 0;
			knownRegions = (
				en,
				Base,
			);
			mainGroup = 6F46D34417F2BABD009D39EA;
			productRefGroup = 6F46D34E17F2BABD009D39EA /* Products */;
			projectDirPath = "";
			projectRoot = "";
			targets = (
				6F46D34C17F2BABD009D39EA /* For Loops */,
				6F46D36D17F2BABD009D39EA /* For LoopsTests */,
			);
		};
/* End PBXProject section */

/* Begin PBXResourcesBuildPhase section */
		6F46D34B17F2BABD009D39EA /* Resources */ = {
			isa = PBXResourcesBuildPhase;
			buildActionMask = 2147483647;
			files = (
				6F46D36917F2BABD009D39EA /* Images.xcassets in Resources */,
				6F46D35B17F2BABD009D39EA /* InfoPlist.strings in Resources */,
				6F46D36417F2BABD009D39EA /* Main.storyboard in Resources */,
			);
			runOnlyForDeploymentPostprocessing = 0;
		};
		6F46D36C17F2BABD009D39EA /* Resources */ = {
			isa = PBXResourcesBuildPhase;
			buildActionMask = 2147483647;
			files = (
				6F46D37A17F2BABD009D39EA /* InfoPlist.strings in Resources */,
			);
			runOnlyForDeploymentPostprocessing = 0;
		};
/* End PBXResourcesBuildPhase section */

/* Begin PBXSourcesBuildPhase section */
		6F46D34917F2BABD009D39EA /* Sources */ = {
			isa = PBXSourcesBuildPhase;
			buildActionMask = 2147483647;
			files = (
				6F46D36117F2BABD009D39EA /* CCAppDelegate.m in Sources */,
				6F46D35D17F2BABD009D39EA /* main.m in Sources */,
				6F46D36717F2BABD009D39EA /* CCViewController.m in Sources */,
			);
			runOnlyForDeploymentPostprocessing = 0;
		};
		6F46D36A17F2BABD009D39EA /* Sources */ = {
			isa = PBXSourcesBuildPhase;
			buildActionMask = 2147483647;
			files = (
				6F46D37C17F2BABD009D39EA /* For_LoopsTests.m in Sources */,
			);
			runOnlyForDeploymentPostprocessing = 0;
		};
/* End PBXSourcesBuildPhase section */

/* Begin PBXTargetDependency section */
		6F46D37417F2BABD009D39EA /* PBXTargetDependency */ = {
			isa = PBXTargetDependency;
			target = 6F46D34C17F2BABD009D39EA /* For Loops */;
			targetProxy = 6F46D37317F2BABD009D39EA /* PBXContainerItemProxy */;
		};
/* End PBXTargetDependency section */

/* Begin PBXVariantGroup section */
		6F46D35917F2BABD009D39EA /* InfoPlist.strings */ = {
			isa = PBXVariantGroup;
			children = (
				6F46D35A17F2BABD009D39EA /* en */,
			);
			name = InfoPlist.strings;
			sourceTree = "<group>";
		};
		6F46D36217F2BABD009D39EA /* Main.storyboard */ = {
			isa = PBXVariantGroup;
			children = (
				6F46D36317F2BABD009D39EA /* Base */,
			);
			name = Main.storyboard;
			sourceTree = "<group>";
		};
		6F46D37817F2BABD009D39EA /* InfoPlist.strings */ = {
			isa = PBXVariantGroup;
			children = (
				6F46D37917F2BABD009D39EA /* en */,
			);
			name = InfoPlist.strings;
			sourceTree = "<group>";
		};
/* End PBXVariantGroup section */

/* Begin XCBuildConfiguration section */
		6F46D37D17F2BABD009D39EA /* Debug */ = {
			isa = XCBuildConfiguration;
			buildSettings = {
				ALWAYS_SEARCH_USER_PATHS = NO;
				ARCHS = "$(ARCHS_STANDARD_INCLUDING_64_BIT)";
				CLANG_CXX_LANGUAGE_STANDARD = "gnu++0x";
				CLANG_CXX_LIBRARY = "libc++";
				CLANG_ENABLE_MODULES = YES;
				CLANG_ENABLE_OBJC_ARC = YES;
				CLANG_WARN_BOOL_CONVERSION = YES;
				CLANG_WARN_CONSTANT_CONVERSION = YES;
				CLANG_WARN_DIRECT_OBJC_ISA_USAGE = YES_ERROR;
				CLANG_WARN_EMPTY_BODY = YES;
				CLANG_WARN_ENUM_CONVERSION = YES;
				CLANG_WARN_INT_CONVERSION = YES;
				CLANG_WARN_OBJC_ROOT_CLASS = YES_ERROR;
				CLANG_WARN__DUPLICATE_METHOD_MATCH = YES;
				"CODE_SIGN_IDENTITY[sdk=iphoneos*]" = "iPhone Developer";
				COPY_PHASE_STRIP = NO;
				GCC_C_LANGUAGE_STANDARD = gnu99;
				GCC_DYNAMIC_NO_PIC = NO;
				GCC_OPTIMIZATION_LEVEL = 0;
				GCC_PREPROCESSOR_DEFINITIONS = (
					"DEBUG=1",
					"$(inherited)",
				);
				GCC_SYMBOLS_PRIVATE_EXTERN = NO;
				GCC_WARN_64_TO_32_BIT_CONVERSION = YES;
				GCC_WARN_ABOUT_RETURN_TYPE = YES_ERROR;
				GCC_WARN_UNDECLARED_SELECTOR = YES;
				GCC_WARN_UNINITIALIZED_AUTOS = YES;
				GCC_WARN_UNUSED_FUNCTION = YES;
				GCC_WARN_UNUSED_VARIABLE = YES;
				IPHONEOS_DEPLOYMENT_TARGET = 7.0;
				ONLY_ACTIVE_ARCH = YES;
				SDKROOT = iphoneos;
			};
			name = Debug;
		};
		6F46D37E17F2BABD009D39EA /* Release */ = {
			isa = XCBuildConfiguration;
			buildSettings = {
				ALWAYS_SEARCH_USER_PATHS = NO;
				ARCHS = "$(ARCHS_STANDARD_INCLUDING_64_BIT)";
				CLANG_CXX_LANGUAGE_STANDARD = "gnu++0x";
				CLANG_CXX_LIBRARY = "libc++";
				CLANG_ENABLE_MODULES = YES;
				CLANG_ENABLE_OBJC_ARC = YES;
				CLANG_WARN_BOOL_CONVERSION = YES;
				CLANG_WARN_CONSTANT_CONVERSION = YES;
				CLANG_WARN_DIRECT_OBJC_ISA_USAGE = YES_ERROR;
				CLANG_WARN_EMPTY_BODY = YES;
				CLANG_WARN_ENUM_CONVERSION = YES;
				CLANG_WARN_INT_CONVERSION = YES;
				CLANG_WARN_OBJC_ROOT_CLASS = YES_ERROR;
				CLANG_WARN__DUPLICATE_METHOD_MATCH = YES;
				"CODE_SIGN_IDENTITY[sdk=iphoneos*]" = "iPhone Developer";
				COPY_PHASE_STRIP = YES;
				ENABLE_NS_ASSERTIONS = NO;
				GCC_C_LANGUAGE_STANDARD = gnu99;
				GCC_WARN_64_TO_32_BIT_CONVERSION = YES;
				GCC_WARN_ABOUT_RETURN_TYPE = YES_ERROR;
				GCC_WARN_UNDECLARED_SELECTOR = YES;
				GCC_WARN_UNINITIALIZED_AUTOS = YES;
				GCC_WARN_UNUSED_FUNCTION = YES;
				GCC_WARN_UNUSED_VARIABLE = YES;
				IPHONEOS_DEPLOYMENT_TARGET = 7.0;
				SDKROOT = iphoneos;
				VALIDATE_PRODUCT = YES;
			};
			name = Release;
		};
		6F46D38017F2BABD009D39EA /* Debug */ = {
			isa = XCBuildConfiguration;
			buildSettings = {
				ASSETCATALOG_COMPILER_APPICON_NAME = AppIcon;
				ASSETCATALOG_COMPILER_LAUNCHIMAGE_NAME = LaunchImage;
				GCC_PRECOMPILE_PREFIX_HEADER = YES;
				GCC_PREFIX_HEADER = "For Loops/For Loops-Prefix.pch";
				INFOPLIST_FILE = "For Loops/For Loops-Info.plist";
				PRODUCT_NAME = "$(TARGET_NAME)";
				WRAPPER_EXTENSION = app;
			};
			name = Debug;
		};
		6F46D38117F2BABD009D39EA /* Release */ = {
			isa = XCBuildConfiguration;
			buildSettings = {
				ASSETCATALOG_COMPILER_APPICON_NAME = AppIcon;
				ASSETCATALOG_COMPILER_LAUNCHIMAGE_NAME = LaunchImage;
				GCC_PRECOMPILE_PREFIX_HEADER = YES;
				GCC_PREFIX_HEADER = "For Loops/For Loops-Prefix.pch";
				INFOPLIST_FILE = "For Loops/For Loops-Info.plist";
				PRODUCT_NAME = "$(TARGET_NAME)";
				WRAPPER_EXTENSION = app;
			};
			name = Release;
		};
		6F46D38317F2BABD009D39EA /* Debug */ = {
			isa = XCBuildConfiguration;
			buildSettings = {
				ARCHS = "$(ARCHS_STANDARD_INCLUDING_64_BIT)";
				BUNDLE_LOADER = "$(BUILT_PRODUCTS_DIR)/For Loops.app/For Loops";
				FRAMEWORK_SEARCH_PATHS = (
					"$(SDKROOT)/Developer/Library/Frameworks",
					"$(inherited)",
					"$(DEVELOPER_FRAMEWORKS_DIR)",
				);
				GCC_PRECOMPILE_PREFIX_HEADER = YES;
				GCC_PREFIX_HEADER = "For Loops/For Loops-Prefix.pch";
				GCC_PREPROCESSOR_DEFINITIONS = (
					"DEBUG=1",
					"$(inherited)",
				);
				INFOPLIST_FILE = "For LoopsTests/For LoopsTests-Info.plist";
				PRODUCT_NAME = "$(TARGET_NAME)";
				TEST_HOST = "$(BUNDLE_LOADER)";
				WRAPPER_EXTENSION = xctest;
			};
			name = Debug;
		};
		6F46D38417F2BABD009D39EA /* Release */ = {
			isa = XCBuildConfiguration;
			buildSettings = {
				ARCHS = "$(ARCHS_STANDARD_INCLUDING_64_BIT)";
				BUNDLE_LOADER = "$(BUILT_PRODUCTS_DIR)/For Loops.app/For Loops";
				FRAMEWORK_SEARCH_PATHS = (
					"$(SDKROOT)/Developer/Library/Frameworks",
					"$(inherited)",
					"$(DEVELOPER_FRAMEWORKS_DIR)",
				);
				GCC_PRECOMPILE_PREFIX_HEADER = YES;
				GCC_PREFIX_HEADER = "For Loops/For Loops-Prefix.pch";
				INFOPLIST_FILE = "For LoopsTests/For LoopsTests-Info.plist";
				PRODUCT_NAME = "$(TARGET_NAME)";
				TEST_HOST = "$(BUNDLE_LOADER)";
				WRAPPER_EXTENSION = xctest;
			};
			name = Release;
		};
/* End XCBuildConfiguration section */

/* Begin XCConfigurationList section */
		6F46D34817F2BABD009D39EA /* Build configuration list for PBXProject "For Loops" */ = {
			isa = XCConfigurationList;
			buildConfigurations = (
				6F46D37D17F2BABD009D39EA /* Debug */,
				6F46D37E17F2BABD009D39EA /* Release */,
			);
			defaultConfigurationIsVisible = 0;
			defaultConfigurationName = Release;
		};
		6F46D37F17F2BABD009D39EA /* Build configuration list for PBXNativeTarget "For Loops" */ = {
			isa = XCConfigurationList;
			buildConfigurations = (
				6F46D38017F2BABD009D39EA /* Debug */,
				6F46D38117F2BABD009D39EA /* Release */,
			);
			defaultConfigurationIsVisible = 0;
		};
		6F46D38217F2BABD009D39EA /* Build configuration list for PBXNativeTarget "For LoopsTests" */ = {
			isa = XCConfigurationList;
			buildConfigurations = (
				6F46D38317F2BABD009D39EA /* Debug */,
				6F46D38417F2BABD009D39EA /* Release */,
			);
			defaultConfigurationIsVisible = 0;
		};
/* End XCConfigurationList section */
	};
	rootObject = 6F46D34517F2BABD009D39EA /* Project object */;
}
